{
  "nodes": {
    "devenv": {
      "locked": {
        "dir": "src/modules",
        "lastModified": 1780316214,
        "narHash": "sha256-X3EG0oxt03MegwC/MnQv1saoq9nphEGSSGEAj8mZQOg=",
        "owner": "cachix",
        "repo": "devenv",
        "rev": "d5e9138bae90fe199fbe5de7675014d76d28873b",
        "type": "github"
      },
      "original": {
        "dir": "src/modules",
        "owner": "cachix",
        "repo": "devenv",
        "type": "github"
      }
    },
    "nixpkgs": {
      "inputs": {
        "nixpkgs-src": "nixpkgs-src"
      },
      "locked": {
        "lastModified": 1778507786,
        "narHash": "sha256-HzSQCKMsMr8r55LwM1JuzIOB+8bzk0FEv6sItKvsfoY=",
        "owner": "cachix",
        "repo": "devenv-nixpkgs",
        "rev": "8f24a228a782e24576b155d1e39f0d914b380691",
        "type": "github"
      },
      "original": {
        "owner": "cachix",
        "ref": "rolling",
        "repo": "devenv-nixpkgs",
        "type": "github"
      }
    },
    "nixpkgs-src": {
      "flake": false,
      "locked": {
        "lastModified": 1778274207,
        "narHash": "sha256-I4puXmX1iovcCHZlRmztO3vW0mAbbRvq4F8wgIMQ1MM=",
        "owner": "NixOS",
        "repo": "nixpkgs",
        "rev": "b3da656039dc7a6240f27b2ef8cc6a3ef3bccae7",
        "type": "github"
      },
      "original": {
        "owner": "NixOS",
        "ref": "nixpkgs-unstable",
        "repo": "nixpkgs",
        "type": "github"
      }
    },
    "nixpkgs_2": {
      "locked": {
        "lastModified": 1770843696,
        "narHash": "sha256-LovWTGDwXhkfCOmbgLVA10bvsi/P8eDDpRudgk68HA8=",
        "owner": "NixOS",
        "repo": "nixpkgs",
        "rev": "2343bbb58f99267223bc2aac4fc9ea301a155a16",
        "type": "github"
      },
      "original": {
        "owner": "NixOS",
        "ref": "nixpkgs-unstable",
        "repo": "nixpkgs",
        "type": "github"
      }
    },
    "root": {
      "inputs": {
        "devenv": "devenv",
        "nixpkgs": "nixpkgs",
        "rust-overlay": "rust-overlay",
        "rustfs": "rustfs"
      }
    },
    "rust-overlay": {
      "inputs": {
        "nixpkgs": [
          "nixpkgs"
        ]
      },
      "locked": {
        "lastModified": 1780370483,
        "narHash": "sha256-7mDa7OBAaf7MU6ZovT9ENfD62kH911SsSazBb4KTDF0=",
        "owner": "oxalica",
        "repo": "rust-overlay",
        "rev": "4a408e1fc99ad517b4cb402fd0de7464f40c05e1",
        "type": "github"
      },
      "original": {
        "owner": "oxalica",
        "repo": "rust-overlay",
        "type": "github"
      }
    },
    "rust-overlay_2": {
      "inputs": {
        "nixpkgs": [
          "rustfs",
          "nixpkgs"
        ]
      },
      "locked": {
        "lastModified": 1771125043,
        "narHash": "sha256-ldf/s49n6rOAxl7pYLJGGS1N/assoHkCOWdEdLyNZkc=",
        "owner": "oxalica",
        "repo": "rust-overlay",
        "rev": "4912f951a26dc8142b176be2c2ad834319dc06e8",
        "type": "github"
      },
      "original": {
        "owner": "oxalica",
        "repo": "rust-overlay",
        "type": "github"
      }
    },
    "rustfs": {
      "inputs": {
        "nixpkgs": "nixpkgs_2",
        "rust-overlay": "rust-overlay_2"
      },
      "locked": {
        "lastModified": 1771598865,
        "narHash": "sha256-blQSQ5OpXMDHL8Nm8SSLxtoDjf899bcuS+jDK0E8XoY=",
        "owner": "rustfs",
        "repo": "rustfs",
        "rev": "5d737eaeb7fcab5d40c655ba60a494e93dd98922",
        "type": "github"
      },
      "original": {
        "owner": "rustfs",
        "repo": "rustfs",
        "rev": "5d737eaeb7fcab5d40c655ba60a494e93dd98922",
        "type": "github"
      }
    }
  },
  "root": "root",
  "version": 7
}